// !$*UTF8*$!
{
	archiveVersion = 1;
	classes = {
	};
	objectVersion = 52;
	objects = {

/* Begin PBXBuildFile section */
		3A06B345263C7B9400E8C56E /* AppDelegate.swift in Sources */ = {isa = PBXBuildFile; fileRef = 3A06B344263C7B9400E8C56E /* AppDelegate.swift */; };
		3A06B347263C7B9400E8C56E /* SceneDelegate.swift in Sources */ = {isa = PBXBuildFile; fileRef = 3A06B346263C7B9400E8C56E /* SceneDelegate.swift */; };
		3A06B34E263C7B9600E8C56E /* Assets.xcassets in Resources */ = {isa = PBXBuildFile; fileRef = 3A06B34D263C7B9600E8C56E /* Assets.xcassets */; };
		3A06B351263C7B9600E8C56E /* LaunchScreen.storyboard in Resources */ = {isa = PBXBuildFile; fileRef = 3A06B34F263C7B9600E8C56E /* LaunchScreen.storyboard */; };
		3A06B35D263C80B100E8C56E /* LoginViewController.swift in Sources */ = {isa = PBXBuildFile; fileRef = 3A06B35C263C80B100E8C56E /* LoginViewController.swift */; };
		3A06B382263D334B00E8C56E /* SnapKit in Frameworks */ = {isa = PBXBuildFile; productRef = 3A06B381263D334B00E8C56E /* SnapKit */; };
		3A06B386263D3DAB00E8C56E /* LoginViewController+Constraints.swift in Sources */ = {isa = PBXBuildFile; fileRef = 3A06B385263D3DAB00E8C56E /* LoginViewController+Constraints.swift */; };
		3A06B39D263D870F00E8C56E /* InputView.swift in Sources */ = {isa = PBXBuildFile; fileRef = 3A06B39C263D870F00E8C56E /* InputView.swift */; };
		3A06B3A6263DA2F400E8C56E /* TextFieldContainerView.swift in Sources */ = {isa = PBXBuildFile; fileRef = 3A06B3A5263DA2F400E8C56E /* TextFieldContainerView.swift */; };
		3A06B3AE263DD5F900E8C56E /* CodePayLabel.swift in Sources */ = {isa = PBXBuildFile; fileRef = 3A06B3AD263DD5F900E8C56E /* CodePayLabel.swift */; };
		3A06B3B2263DD67A00E8C56E /* CodePayLabelDTO.swift in Sources */ = {isa = PBXBuildFile; fileRef = 3A06B3B1263DD67A00E8C56E /* CodePayLabelDTO.swift */; };
		3A06B3B5263DD75900E8C56E /* Colors.swift in Sources */ = {isa = PBXBuildFile; fileRef = 3A06B3B4263DD75900E8C56E /* Colors.swift */; };
/* End PBXBuildFile section */

/* Begin PBXFileReference section */
		3A06B341263C7B9400E8C56E /* CodePayApp.app */ = {isa = PBXFileReference; explicitFileType = wrapper.application; includeInIndex = 0; path = CodePayApp.app; sourceTree = BUILT_PRODUCTS_DIR; };
		3A06B344263C7B9400E8C56E /* AppDelegate.swift */ = {isa = PBXFileReference; lastKnownFileType = sourcecode.swift; path = AppDelegate.swift; sourceTree = "<group>"; };
		3A06B346263C7B9400E8C56E /* SceneDelegate.swift */ = {isa = PBXFileReference; lastKnownFileType = sourcecode.swift; path = SceneDelegate.swift; sourceTree = "<group>"; };
		3A06B34D263C7B9600E8C56E /* Assets.xcassets */ = {isa = PBXFileReference; lastKnownFileType = folder.assetcatalog; path = Assets.xcassets; sourceTree = "<group>"; };
		3A06B350263C7B9600E8C56E /* Base */ = {isa = PBXFileReference; lastKnownFileType = file.storyboard; name = Base; path = Base.lproj/LaunchScreen.storyboard; sourceTree = "<group>"; };
		3A06B352263C7B9600E8C56E /* Info.plist */ = {isa = PBXFileReference; lastKnownFileType = text.plist.xml; path = Info.plist; sourceTree = "<group>"; };
		3A06B35C263C80B100E8C56E /* LoginViewController.swift */ = {isa = PBXFileReference; lastKnownFileType = sourcecode.swift; path = LoginViewController.swift; sourceTree = "<group>"; };
		3A06B385263D3DAB00E8C56E /* LoginViewController+Constraints.swift */ = {isa = PBXFileReference; lastKnownFileType = sourcecode.swift; path = "LoginViewController+Constraints.swift"; sourceTree = "<group>"; };
		3A06B39C263D870F00E8C56E /* InputView.swift */ = {isa = PBXFileReference; lastKnownFileType = sourcecode.swift; path = InputView.swift; sourceTree = "<group>"; };
		3A06B3A5263DA2F400E8C56E /* TextFieldContainerView.swift */ = {isa = PBXFileReference; lastKnownFileType = sourcecode.swift; path = TextFieldContainerView.swift; sourceTree = "<group>"; };
		3A06B3AD263DD5F900E8C56E /* CodePayLabel.swift */ = {isa = PBXFileReference; lastKnownFileType = sourcecode.swift; path = CodePayLabel.swift; sourceTree = "<group>"; };
		3A06B3B1263DD67A00E8C56E /* CodePayLabelDTO.swift */ = {isa = PBXFileReference; lastKnownFileType = sourcecode.swift; path = CodePayLabelDTO.swift; sourceTree = "<group>"; };
		3A06B3B4263DD75900E8C56E /* Colors.swift */ = {isa = PBXFileReference; lastKnownFileType = sourcecode.swift; path = Colors.swift; sourceTree = "<group>"; };
/* End PBXFileReference section */

/* Begin PBXFrameworksBuildPhase section */
		3A06B33E263C7B9400E8C56E /* Frameworks */ = {
			isa = PBXFrameworksBuildPhase;
			buildActionMask = 2147483647;
			files = (
				3A06B382263D334B00E8C56E /* SnapKit in Frameworks */,
			);
			runOnlyForDeploymentPostprocessing = 0;
		};
/* End PBXFrameworksBuildPhase section */

/* Begin PBXGroup section */
		3A06B338263C7B9400E8C56E = {
			isa = PBXGroup;
			children = (
				3A06B343263C7B9400E8C56E /* CodePayApp */,
				3A06B342263C7B9400E8C56E /* Products */,
			);
			sourceTree = "<group>";
		};
		3A06B342263C7B9400E8C56E /* Products */ = {
			isa = PBXGroup;
			children = (
				3A06B341263C7B9400E8C56E /* CodePayApp.app */,
			);
			name = Products;
			sourceTree = "<group>";
		};
		3A06B343263C7B9400E8C56E /* CodePayApp */ = {
			isa = PBXGroup;
			children = (
				3A06B39B263D86D800E8C56E /* Views */,
				3A06B390263D423B00E8C56E /* Login */,
				3A06B38A263D415600E8C56E /* Resources */,
				3A06B388263D411A00E8C56E /* Delegate */,
				3A06B34F263C7B9600E8C56E /* LaunchScreen.storyboard */,
				3A06B352263C7B9600E8C56E /* Info.plist */,
			);
			path = CodePayApp;
			sourceTree = "<group>";
		};
		3A06B388263D411A00E8C56E /* Delegate */ = {
			isa = PBXGroup;
			children = (
				3A06B344263C7B9400E8C56E /* AppDelegate.swift */,
				3A06B346263C7B9400E8C56E /* SceneDelegate.swift */,
			);
			path = Delegate;
			sourceTree = "<group>";
		};
		3A06B38A263D415600E8C56E /* Resources */ = {
			isa = PBXGroup;
			children = (
				3A06B34D263C7B9600E8C56E /* Assets.xcassets */,
			);
			path = Resources;
			sourceTree = "<group>";
		};
		3A06B390263D423B00E8C56E /* Login */ = {
			isa = PBXGroup;
			children = (
				3A06B35C263C80B100E8C56E /* LoginViewController.swift */,
				3A06B385263D3DAB00E8C56E /* LoginViewController+Constraints.swift */,
			);
			path = Login;
			sourceTree = "<group>";
		};
		3A06B39B263D86D800E8C56E /* Views */ = {
			isa = PBXGroup;
			children = (
				3A06B3A9263DD3E800E8C56E /* UIElements */,
				3A06B39C263D870F00E8C56E /* InputView.swift */,
				3A06B3A5263DA2F400E8C56E /* TextFieldContainerView.swift */,
			);
			path = Views;
			sourceTree = "<group>";
		};
		3A06B3A9263DD3E800E8C56E /* UIElements */ = {
			isa = PBXGroup;
			children = (
				3A06B3AB263DD53E00E8C56E /* Button */,
				3A06B3AC263DD54B00E8C56E /* Label */,
				3A06B3AA263DD40200E8C56E /* TextField */,
				3A06B3B4263DD75900E8C56E /* Colors.swift */,
			);
			path = UIElements;
			sourceTree = "<group>";
		};
		3A06B3AA263DD40200E8C56E /* TextField */ = {
			isa = PBXGroup;
			children = (
			);
			path = TextField;
			sourceTree = "<group>";
		};
		3A06B3AB263DD53E00E8C56E /* Button */ = {
			isa = PBXGroup;
			children = (
			);
			path = Button;
			sourceTree = "<group>";
		};
		3A06B3AC263DD54B00E8C56E /* Label */ = {
			isa = PBXGroup;
			children = (
				3A06B3AD263DD5F900E8C56E /* CodePayLabel.swift */,
				3A06B3B1263DD67A00E8C56E /* CodePayLabelDTO.swift */,
			);
			path = Label;
			sourceTree = "<group>";
		};
/* End PBXGroup section */

/* Begin PBXNativeTarget section */
		3A06B340263C7B9400E8C56E /* CodePayApp */ = {
			isa = PBXNativeTarget;
			buildConfigurationList = 3A06B355263C7B9600E8C56E /* Build configuration list for PBXNativeTarget "CodePayApp" */;
			buildPhases = (
				3A06B33D263C7B9400E8C56E /* Sources */,
				3A06B33E263C7B9400E8C56E /* Frameworks */,
				3A06B33F263C7B9400E8C56E /* Resources */,
			);
			buildRules = (
			);
			dependencies = (
			);
			name = CodePayApp;
			packageProductDependencies = (
				3A06B381263D334B00E8C56E /* SnapKit */,
			);
			productName = CodePayApp;
			productReference = 3A06B341263C7B9400E8C56E /* CodePayApp.app */;
			productType = "com.apple.product-type.application";
		};
/* End PBXNativeTarget section */

/* Begin PBXProject section */
		3A06B339263C7B9400E8C56E /* Project object */ = {
			isa = PBXProject;
			attributes = {
				LastSwiftUpdateCheck = 1240;
				LastUpgradeCheck = 1240;
				TargetAttributes = {
					3A06B340263C7B9400E8C56E = {
						CreatedOnToolsVersion = 12.4;
					};
				};
			};
			buildConfigurationList = 3A06B33C263C7B9400E8C56E /* Build configuration list for PBXProject "CodePayApp" */;
			compatibilityVersion = "Xcode 9.3";
			developmentRegion = en;
			hasScannedForEncodings = 0;
			knownRegions = (
				en,
				Base,
			);
			mainGroup = 3A06B338263C7B9400E8C56E;
			packageReferences = (
				3A06B380263D334B00E8C56E /* XCRemoteSwiftPackageReference "SnapKit" */,
			);
			productRefGroup = 3A06B342263C7B9400E8C56E /* Products */;
			projectDirPath = "";
			projectRoot = "";
			targets = (
				3A06B340263C7B9400E8C56E /* CodePayApp */,
			);
		};
/* End PBXProject section */

/* Begin PBXResourcesBuildPhase section */
		3A06B33F263C7B9400E8C56E /* Resources */ = {
			isa = PBXResourcesBuildPhase;
			buildActionMask = 2147483647;
			files = (
				3A06B351263C7B9600E8C56E /* LaunchScreen.storyboard in Resources */,
				3A06B34E263C7B9600E8C56E /* Assets.xcassets in Resources */,
			);
			runOnlyForDeploymentPostprocessing = 0;
		};
/* End PBXResourcesBuildPhase section */

/* Begin PBXSourcesBuildPhase section */
		3A06B33D263C7B9400E8C56E /* Sources */ = {
			isa = PBXSourcesBuildPhase;
			buildActionMask = 2147483647;
			files = (
				3A06B386263D3DAB00E8C56E /* LoginViewController+Constraints.swift in Sources */,
				3A06B3B5263DD75900E8C56E /* Colors.swift in Sources */,
				3A06B39D263D870F00E8C56E /* InputView.swift in Sources */,
				3A06B3A6263DA2F400E8C56E /* TextFieldContainerView.swift in Sources */,
				3A06B35D263C80B100E8C56E /* LoginViewController.swift in Sources */,
				3A06B3B2263DD67A00E8C56E /* CodePayLabelDTO.swift in Sources */,
				3A06B345263C7B9400E8C56E /* AppDelegate.swift in Sources */,
				3A06B3AE263DD5F900E8C56E /* CodePayLabel.swift in Sources */,
				3A06B347263C7B9400E8C56E /* SceneDelegate.swift in Sources */,
			);
			runOnlyForDeploymentPostprocessing = 0;
		};
/* End PBXSourcesBuildPhase section */

/* Begin PBXVariantGroup section */
		3A06B34F263C7B9600E8C56E /* LaunchScreen.storyboard */ = {
			isa = PBXVariantGroup;
			children = (
				3A06B350263C7B9600E8C56E /* Base */,
			);
			name = LaunchScreen.storyboard;
			sourceTree = "<group>";
		};
/* End PBXVariantGroup section */

/* Begin XCBuildConfiguration section */
		3A06B353263C7B9600E8C56E /* Debug */ = {
			isa = XCBuildConfiguration;
			buildSettings = {
				ALWAYS_SEARCH_USER_PATHS = NO;
				CLANG_ANALYZER_NONNULL = YES;
				CLANG_ANALYZER_NUMBER_OBJECT_CONVERSION = YES_AGGRESSIVE;
				CLANG_CXX_LANGUAGE_STANDARD = "gnu++14";
				CLANG_CXX_LIBRARY = "libc++";
				CLANG_ENABLE_MODULES = YES;
				CLANG_ENABLE_OBJC_ARC = YES;
				CLANG_ENABLE_OBJC_WEAK = YES;
				CLANG_WARN_BLOCK_CAPTURE_AUTORELEASING = YES;
				CLANG_WARN_BOOL_CONVERSION = YES;
				CLANG_WARN_COMMA = YES;
				CLANG_WARN_CONSTANT_CONVERSION = YES;
				CLANG_WARN_DEPRECATED_OBJC_IMPLEMENTATIONS = YES;
				CLANG_WARN_DIRECT_OBJC_ISA_USAGE = YES_ERROR;
				CLANG_WARN_DOCUMENTATION_COMMENTS = YES;
				CLANG_WARN_EMPTY_BODY = YES;
				CLANG_WARN_ENUM_CONVERSION = YES;
				CLANG_WARN_INFINITE_RECURSION = YES;
				CLANG_WARN_INT_CONVERSION = YES;
				CLANG_WARN_NON_LITERAL_NULL_CONVERSION = YES;
				CLANG_WARN_OBJC_IMPLICIT_RETAIN_SELF = YES;
				CLANG_WARN_OBJC_LITERAL_CONVERSION = YES;
				CLANG_WARN_OBJC_ROOT_CLASS = YES_ERROR;
				CLANG_WARN_QUOTED_INCLUDE_IN_FRAMEWORK_HEADER = YES;
				CLANG_WARN_RANGE_LOOP_ANALYSIS = YES;
				CLANG_WARN_STRICT_PROTOTYPES = YES;
				CLANG_WARN_SUSPICIOUS_MOVE = YES;
				CLANG_WARN_UNGUARDED_AVAILABILITY = YES_AGGRESSIVE;
				CLANG_WARN_UNREACHABLE_CODE = YES;
				CLANG_WARN__DUPLICATE_METHOD_MATCH = YES;
				COPY_PHASE_STRIP = NO;
				DEBUG_INFORMATION_FORMAT = dwarf;
				ENABLE_STRICT_OBJC_MSGSEND = YES;
				ENABLE_TESTABILITY = YES;
				GCC_C_LANGUAGE_STANDARD = gnu11;
				GCC_DYNAMIC_NO_PIC = NO;
				GCC_NO_COMMON_BLOCKS = YES;
				GCC_OPTIMIZATION_LEVEL = 0;
				GCC_PREPROCESSOR_DEFINITIONS = (
					"DEBUG=1",
					"$(inherited)",
				);
				GCC_WARN_64_TO_32_BIT_CONVERSION = YES;
				GCC_WARN_ABOUT_RETURN_TYPE = YES_ERROR;
				GCC_WARN_UNDECLARED_SELECTOR = YES;
				GCC_WARN_UNINITIALIZED_AUTOS = YES_AGGRESSIVE;
				GCC_WARN_UNUSED_FUNCTION = YES;
				GCC_WARN_UNUSED_VARIABLE = YES;
				IPHONEOS_DEPLOYMENT_TARGET = 14.4;
				MTL_ENABLE_DEBUG_INFO = INCLUDE_SOURCE;
				MTL_FAST_MATH = YES;
				ONLY_ACTIVE_ARCH = YES;
				SDKROOT = iphoneos;
				SWIFT_ACTIVE_COMPILATION_CONDITIONS = DEBUG;
				SWIFT_OPTIMIZATION_LEVEL = "-Onone";
			};
			name = Debug;
		};
		3A06B354263C7B9600E8C56E /* Release */ = {
			isa = XCBuildConfiguration;
			buildSettings = {
				ALWAYS_SEARCH_USER_PATHS = NO;
				CLANG_ANALYZER_NONNULL = YES;
				CLANG_ANALYZER_NUMBER_OBJECT_CONVERSION = YES_AGGRESSIVE;
				CLANG_CXX_LANGUAGE_STANDARD = "gnu++14";
				CLANG_CXX_LIBRARY = "libc++";
				CLANG_ENABLE_MODULES = YES;
				CLANG_ENABLE_OBJC_ARC = YES;
				CLANG_ENABLE_OBJC_WEAK = YES;
				CLANG_WARN_BLOCK_CAPTURE_AUTORELEASING = YES;
				CLANG_WARN_BOOL_CONVERSION = YES;
				CLANG_WARN_COMMA = YES;
				CLANG_WARN_CONSTANT_CONVERSION = YES;
				CLANG_WARN_DEPRECATED_OBJC_IMPLEMENTATIONS = YES;
				CLANG_WARN_DIRECT_OBJC_ISA_USAGE = YES_ERROR;
				CLANG_WARN_DOCUMENTATION_COMMENTS = YES;
				CLANG_WARN_EMPTY_BODY = YES;
				CLANG_WARN_ENUM_CONVERSION = YES;
				CLANG_WARN_INFINITE_RECURSION = YES;
				CLANG_WARN_INT_CONVERSION = YES;
				CLANG_WARN_NON_LITERAL_NULL_CONVERSION = YES;
				CLANG_WARN_OBJC_IMPLICIT_RETAIN_SELF = YES;
				CLANG_WARN_OBJC_LITERAL_CONVERSION = YES;
				CLANG_WARN_OBJC_ROOT_CLASS = YES_ERROR;
				CLANG_WARN_QUOTED_INCLUDE_IN_FRAMEWORK_HEADER = YES;
				CLANG_WARN_RANGE_LOOP_ANALYSIS = YES;
				CLANG_WARN_STRICT_PROTOTYPES = YES;
				CLANG_WARN_SUSPICIOUS_MOVE = YES;
				CLANG_WARN_UNGUARDED_AVAILABILITY = YES_AGGRESSIVE;
				CLANG_WARN_UNREACHABLE_CODE = YES;
				CLANG_WARN__DUPLICATE_METHOD_MATCH = YES;
				COPY_PHASE_STRIP = NO;
				DEBUG_INFORMATION_FORMAT = "dwarf-with-dsym";
				ENABLE_NS_ASSERTIONS = NO;
				ENABLE_STRICT_OBJC_MSGSEND = YES;
				GCC_C_LANGUAGE_STANDARD = gnu11;
				GCC_NO_COMMON_BLOCKS = YES;
				GCC_WARN_64_TO_32_BIT_CONVERSION = YES;
				GCC_WARN_ABOUT_RETURN_TYPE = YES_ERROR;
				GCC_WARN_UNDECLARED_SELECTOR = YES;
				GCC_WARN_UNINITIALIZED_AUTOS = YES_AGGRESSIVE;
				GCC_WARN_UNUSED_FUNCTION = YES;
				GCC_WARN_UNUSED_VARIABLE = YES;
				IPHONEOS_DEPLOYMENT_TARGET = 14.4;
				MTL_ENABLE_DEBUG_INFO = NO;
				MTL_FAST_MATH = YES;
				SDKROOT = iphoneos;
				SWIFT_COMPILATION_MODE = wholemodule;
				SWIFT_OPTIMIZATION_LEVEL = "-O";
				VALIDATE_PRODUCT = YES;
			};
			name = Release;
		};
		3A06B356263C7B9600E8C56E /* Debug */ = {
			isa = XCBuildConfiguration;
			buildSettings = {
				ASSETCATALOG_COMPILER_APPICON_NAME = AppIcon;
				ASSETCATALOG_COMPILER_GLOBAL_ACCENT_COLOR_NAME = AccentColor;
				CODE_SIGN_STYLE = Automatic;
				DEVELOPMENT_TEAM = 8J73Q43L2S;
				INFOPLIST_FILE = CodePayApp/Info.plist;
				LD_RUNPATH_SEARCH_PATHS = (
					"$(inherited)",
					"@executable_path/Frameworks",
				);
				PRODUCT_BUNDLE_IDENTIFIER = lt.1011.CodePayApp;
				PRODUCT_NAME = "$(TARGET_NAME)";
				SWIFT_VERSION = 5.0;
				TARGETED_DEVICE_FAMILY = "1,2";
			};
			name = Debug;
		};
		3A06B357263C7B9600E8C56E /* Release */ = {
			isa = XCBuildConfiguration;
			buildSettings = {
				ASSETCATALOG_COMPILER_APPICON_NAME = AppIcon;
				ASSETCATALOG_COMPILER_GLOBAL_ACCENT_COLOR_NAME = AccentColor;
				CODE_SIGN_STYLE = Automatic;
				DEVELOPMENT_TEAM = 8J73Q43L2S;
				INFOPLIST_FILE = CodePayApp/Info.plist;
				LD_RUNPATH_SEARCH_PATHS = (
					"$(inherited)",
					"@executable_path/Frameworks",
				);
				PRODUCT_BUNDLE_IDENTIFIER = lt.1011.CodePayApp;
				PRODUCT_NAME = "$(TARGET_NAME)";
				SWIFT_VERSION = 5.0;
				TARGETED_DEVICE_FAMILY = "1,2";
			};
			name = Release;
		};
/* End XCBuildConfiguration section */

/* Begin XCConfigurationList section */
		3A06B33C263C7B9400E8C56E /* Build configuration list for PBXProject "CodePayApp" */ = {
			isa = XCConfigurationList;
			buildConfigurations = (
				3A06B353263C7B9600E8C56E /* Debug */,
				3A06B354263C7B9600E8C56E /* Release */,
			);
			defaultConfigurationIsVisible = 0;
			defaultConfigurationName = Release;
		};
		3A06B355263C7B9600E8C56E /* Build configuration list for PBXNativeTarget "CodePayApp" */ = {
			isa = XCConfigurationList;
			buildConfigurations = (
				3A06B356263C7B9600E8C56E /* Debug */,
				3A06B357263C7B9600E8C56E /* Release */,
			);
			defaultConfigurationIsVisible = 0;
			defaultConfigurationName = Release;
		};
/* End XCConfigurationList section */

/* Begin XCRemoteSwiftPackageReference section */
		3A06B380263D334B00E8C56E /* XCRemoteSwiftPackageReference "SnapKit" */ = {
			isa = XCRemoteSwiftPackageReference;
			repositoryURL = "https://github.com/SnapKit/SnapKit.git";
			requirement = {
				kind = upToNextMajorVersion;
				minimumVersion = 5.0.1;
			};
		};
/* End XCRemoteSwiftPackageReference section */

/* Begin XCSwiftPackageProductDependency section */
		3A06B381263D334B00E8C56E /* SnapKit */ = {
			isa = XCSwiftPackageProductDependency;
			package = 3A06B380263D334B00E8C56E /* XCRemoteSwiftPackageReference "SnapKit" */;
			productName = SnapKit;
		};
/* End XCSwiftPackageProductDependency section */
	};
	rootObject = 3A06B339263C7B9400E8C56E /* Project object */;
}
